
Microsoft Visual Studio Solution File, Format Version 12.00
# Visual Studio Version 16
VisualStudioVersion = 16.0.29728.190
MinimumVisualStudioVersion = 10.0.40219.1
Project("{E24C65DC-7377-472B-9ABA-BC803B73C61A}") = "Solutions", "Solutions\", "{1AC9EF89-3204-43B5-9299-E031E15920DE}"
	ProjectSection(WebsiteProperties) = preProject
		TargetFrameworkMoniker = ".NETFramework,Version%3Dv4.0"
		Debug.AspNetCompiler.VirtualPath = "/localhost_61657"
		Debug.AspNetCompiler.PhysicalPath = "Solutions\"
		Debug.AspNetCompiler.TargetPath = "PrecompiledWeb\localhost_61657\"
		Debug.AspNetCompiler.Updateable = "true"
		Debug.AspNetCompiler.ForceOverwrite = "true"
		Debug.AspNetCompiler.FixedNames = "false"
		Debug.AspNetCompiler.Debug = "True"
		Release.AspNetCompiler.VirtualPath = "/localhost_61657"
		Release.AspNetCompiler.PhysicalPath = "Solutions\"
		Release.AspNetCompiler.TargetPath = "PrecompiledWeb\localhost_61657\"
		Release.AspNetCompiler.Updateable = "true"
		Release.AspNetCompiler.ForceOverwrite = "true"
		Release.AspNetCompiler.FixedNames = "false"
		Release.AspNetCompiler.Debug = "False"
		VWDPort = "61657"
		SlnRelativePath = "Solutions\"
	EndProjectSection
EndProject
Project("{FAE04EC0-301F-11D3-BF4B-00C04F79EFBC}") = "Plugins", "Plugins\Plugins.csproj", "{1A8EFCFF-D0F7-4ED3-B50E-B4B729A0364F}"
EndProject
Project("{FAE04EC0-301F-11D3-BF4B-00C04F79EFBC}") = "Plugins.Tests", "Plugins.Tests\Plugins.Tests.csproj", "{58AD3077-B5A4-407C-B79B-3FB7D5B17FBD}"
EndProject
Global
	GlobalSection(SolutionConfigurationPlatforms) = preSolution
		Debug|Any CPU = Debug|Any CPU
		Release|Any CPU = Release|Any CPU
	EndGlobalSection
	GlobalSection(ProjectConfigurationPlatforms) = postSolution
		{1AC9EF89-3204-43B5-9299-E031E15920DE}.Debug|Any CPU.ActiveCfg = Debug|Any CPU
		{1AC9EF89-3204-43B5-9299-E031E15920DE}.Debug|Any CPU.Build.0 = Debug|Any CPU
		{1AC9EF89-3204-43B5-9299-E031E15920DE}.Release|Any CPU.ActiveCfg = Debug|Any CPU
		{1AC9EF89-3204-43B5-9299-E031E15920DE}.Release|Any CPU.Build.0 = Debug|Any CPU
		{1A8EFCFF-D0F7-4ED3-B50E-B4B729A0364F}.Debug|Any CPU.ActiveCfg = Debug|Any CPU
		{1A8EFCFF-D0F7-4ED3-B50E-B4B729A0364F}.Debug|Any CPU.Build.0 = Debug|Any CPU
		{1A8EFCFF-D0F7-4ED3-B50E-B4B729A0364F}.Release|Any CPU.ActiveCfg = Release|Any CPU
		{1A8EFCFF-D0F7-4ED3-B50E-B4B729A0364F}.Release|Any CPU.Build.0 = Release|Any CPU
		{58AD3077-B5A4-407C-B79B-3FB7D5B17FBD}.Debug|Any CPU.ActiveCfg = Debug|Any CPU
		{58AD3077-B5A4-407C-B79B-3FB7D5B17FBD}.Debug|Any CPU.Build.0 = Debug|Any CPU
		{58AD3077-B5A4-407C-B79B-3FB7D5B17FBD}.Release|Any CPU.ActiveCfg = Release|Any CPU
		{58AD3077-B5A4-407C-B79B-3FB7D5B17FBD}.Release|Any CPU.Build.0 = Release|Any CPU
	EndGlobalSection
	GlobalSection(SolutionProperties) = preSolution
		HideSolutionNode = FALSE
	EndGlobalSection
	GlobalSection(ExtensibilityGlobals) = postSolution
		SolutionGuid = {5F811A02-EDAA-4EAA-B144-1BE2E3742388}
	EndGlobalSection
EndGlobal
